
Microsoft Visual Studio Solution File, Format Version 12.00
# Visual Studio Version 16
VisualStudioVersion = 16.0.30104.148
MinimumVisualStudioVersion = 10.0.40219.1
Project("{FAE04EC0-301F-11D3-BF4B-00C04F79EFBC}") = "AzureAdImplicitFlowApi", "AzureAdImplicitFlowApi.csproj", "{928A48D9-3996-42AE-ADC7-38646293ADFB}"
EndProject
Global
	GlobalSection(SolutionConfigurationPlatforms) = preSolution
		Debug|Any CPU = Debug|Any CPU
		Release|Any CPU = Release|Any CPU
	EndGlobalSection
	GlobalSection(ProjectConfigurationPlatforms) = postSolution
		{928A48D9-3996-42AE-ADC7-38646293ADFB}.Debug|Any CPU.ActiveCfg = Debug|Any CPU
		{928A48D9-3996-42AE-ADC7-38646293ADFB}.Debug|Any CPU.Build.0 = Debug|Any CPU
		{928A48D9-3996-42AE-ADC7-38646293ADFB}.Release|Any CPU.ActiveCfg = Release|Any CPU
		{928A48D9-3996-42AE-ADC7-38646293ADFB}.Release|Any CPU.Build.0 = Release|Any CPU
	EndGlobalSection
	GlobalSection(SolutionProperties) = preSolution
		HideSolutionNode = FALSE
	EndGlobalSection
	GlobalSection(ExtensibilityGlobals) = postSolution
		SolutionGuid = {832CB1C4-8010-4C49-BF78-E2AFDAF97085}
	EndGlobalSection
EndGlobal
